{
  "name": "stencil-demo",
  "version": "0.0.1",
  "lockfileVersion": 1,
  "requires": true,
  "dependencies": {
    "@jest/types": {
      "version": "26.6.2",
      "resolved": "http://artifactory.intra.ke.com/artifactory/api/npm/npm-virtual/@jest/types/download/@jest/types-26.6.2.tgz",
      "integrity": "sha1-vvWlMgMOHYii9abZM/hOlyJu1I4=",
      "requires": {
        "@types/istanbul-lib-coverage": "^2.0.0",
        "@types/istanbul-reports": "^3.0.0",
        "@types/node": "*",
        "@types/yargs": "^15.0.0",
        "chalk": "^4.0.0"
      }
    },
    "@stencil/core": {
      "version": "2.3.0",
      "resolved": "http://artifactory.intra.ke.com/artifactory/api/npm/npm-virtual/@stencil/core/download/@stencil/core-2.3.0.tgz",
      "integrity": "sha1-kZDfOgBkU3cwvhVGVF4TUx1wHag="
    },
    "@types/istanbul-lib-coverage": {
      "version": "2.0.3",
      "resolved": "http://artifactory.intra.ke.com/artifactory/api/npm/npm-virtual/@types/istanbul-lib-coverage/download/@types/istanbul-lib-coverage-2.0.3.tgz",
      "integrity": "sha1-S6jdtyAiH0MuRDvV+RF/0iz9R2I="
    },
    "@types/istanbul-lib-report": {
      "version": "3.0.0",
      "resolved": "http://artifactory.intra.ke.com/artifactory/api/npm/npm-virtual/@types/istanbul-lib-report/download/@types/istanbul-lib-report-3.0.0.tgz",
      "integrity": "sha1-wUwk8Y6oGQwRjudWK3/5mjZVJoY=",
      "requires": {
        "@types/istanbul-lib-coverage": "*"
      }
    },
    "@types/istanbul-reports": {
      "version": "3.0.0",
      "resolved": "http://artifactory.intra.ke.com/artifactory/api/npm/npm-virtual/@types/istanbul-reports/download/@types/istanbul-reports-3.0.0.tgz",
      "integrity": "sha1-UIsTqjRPpJdiNOdd3cw0klc32CE=",
      "requires": {
        "@types/istanbul-lib-report": "*"
      }
    },
    "@types/jest": {
      "version": "26.0.19",
      "resolved": "http://artifactory.intra.ke.com/artifactory/api/npm/npm-virtual/@types/jest/download/@types/jest-26.0.19.tgz",
      "integrity": "sha1-5voePe9YQuyFBFvVIQ6buCid55A=",
      "requires": {
        "jest-diff": "^26.0.0",
        "pretty-format": "^26.0.0"
      }
    },
    "@types/node": {
      "version": "14.14.14",
      "resolved": "http://artifactory.intra.ke.com/artifactory/api/npm/npm-virtual/@types/node/download/@types/node-14.14.14.tgz",
      "integrity": "sha1-9/1fPMhSEwERn2ORDw+5ZcfXYa4="
    },
    "@types/puppeteer": {
      "version": "5.4.2",
      "resolved": "http://artifactory.intra.ke.com/artifactory/api/npm/npm-virtual/@types/puppeteer/download/@types/puppeteer-5.4.2.tgz",
      "integrity": "sha1-gPOh9U3tu/dQd5cW3oFAFUkGIHI=",
      "requires": {
        "@types/node": "*"
      }
    },
    "@types/yargs": {
      "version": "15.0.12",
      "resolved": "http://artifactory.intra.ke.com/artifactory/api/npm/npm-virtual/@types/yargs/download/@types/yargs-15.0.12.tgz",
      "integrity": "sha1-YjTOPj4/oyxdswGhcPlqWZyWDXQ=",
      "requires": {
        "@types/yargs-parser": "*"
      }
    },
    "@types/yargs-parser": {
      "version": "15.0.0",
      "resolved": "http://artifactory.intra.ke.com/artifactory/api/npm/npm-virtual/@types/yargs-parser/download/@types/yargs-parser-15.0.0.tgz",
      "integrity": "sha1-yz+fdBhp4gzOMw/765JxWQSDiC0="
    },
    "ansi-regex": {
      "version": "5.0.0",
      "resolved": "http://artifactory.intra.ke.com/artifactory/api/npm/npm-virtual/ansi-regex/download/ansi-regex-5.0.0.tgz",
      "integrity": "sha1-OIU59VF5vzkznIGvMKZU1p+Hy3U="
    },
    "ansi-styles": {
      "version": "4.3.0",
      "resolved": "http://artifactory.intra.ke.com/artifactory/api/npm/npm-virtual/ansi-styles/download/ansi-styles-4.3.0.tgz",
      "integrity": "sha1-7dgDYornHATIWuegkG7a00tkiTc=",
      "requires": {
        "color-convert": "^2.0.1"
      }
    },
    "chalk": {
      "version": "4.1.0",
      "resolved": "http://artifactory.intra.ke.com/artifactory/api/npm/npm-virtual/chalk/download/chalk-4.1.0.tgz",
      "integrity": "sha1-ThSHCmGNni7dl92DRf2dncMVZGo=",
      "requires": {
        "ansi-styles": "^4.1.0",
        "supports-color": "^7.1.0"
      }
    },
    "color-convert": {
      "version": "2.0.1",
      "resolved": "http://artifactory.intra.ke.com/artifactory/api/npm/npm-virtual/color-convert/download/color-convert-2.0.1.tgz",
      "integrity": "sha1-ctOmjVmMm9s68q0ehPIdiWq9TeM=",
      "requires": {
        "color-name": "~1.1.4"
      }
    },
    "color-name": {
      "version": "1.1.4",
      "resolved": "http://artifactory.intra.ke.com/artifactory/api/npm/npm-virtual/color-name/download/color-name-1.1.4.tgz",
      "integrity": "sha1-wqCah6y95pVD3m9j+jmVyCbFNqI="
    },
    "diff-sequences": {
      "version": "26.6.2",
      "resolved": "http://artifactory.intra.ke.com/artifactory/api/npm/npm-virtual/diff-sequences/download/diff-sequences-26.6.2.tgz",
      "integrity": "sha1-SLqZFX3hkjQS7tQdtrbUqpynwLE="
    },
    "has-flag": {
      "version": "4.0.0",
      "resolved": "http://artifactory.intra.ke.com/artifactory/api/npm/npm-virtual/has-flag/download/has-flag-4.0.0.tgz",
      "integrity": "sha1-lEdx/ZyByBJlxNaUGGDaBrtZR5s="
    },
    "jest-diff": {
      "version": "26.6.2",
      "resolved": "http://artifactory.intra.ke.com/artifactory/api/npm/npm-virtual/jest-diff/download/jest-diff-26.6.2.tgz",
      "integrity": "sha1-GqdGi1LDpo19XF/c381eSb0WQ5Q=",
      "requires": {
        "chalk": "^4.0.0",
        "diff-sequences": "^26.6.2",
        "jest-get-type": "^26.3.0",
        "pretty-format": "^26.6.2"
      }
    },
    "jest-get-type": {
      "version": "26.3.0",
      "resolved": "http://artifactory.intra.ke.com/artifactory/api/npm/npm-virtual/jest-get-type/download/jest-get-type-26.3.0.tgz",
      "integrity": "sha1-6X3Dw/U8K0Bsp6+u1Ek7HQmRmeA="
    },
    "pretty-format": {
      "version": "26.6.2",
      "resolved": "http://artifactory.intra.ke.com/artifactory/api/npm/npm-virtual/pretty-format/download/pretty-format-26.6.2.tgz",
      "integrity": "sha1-41wnBfFMt/4v6U+geDRbREEg/JM=",
      "requires": {
        "@jest/types": "^26.6.2",
        "ansi-regex": "^5.0.0",
        "ansi-styles": "^4.0.0",
        "react-is": "^17.0.1"
      }
    },
    "react-is": {
      "version": "17.0.1",
      "resolved": "http://artifactory.intra.ke.com/artifactory/api/npm/npm-virtual/react-is/download/react-is-17.0.1.tgz",
      "integrity": "sha1-WzUxvXamRaTJ+25pPtNkGeMwEzk="
    },
    "supports-color": {
      "version": "7.2.0",
      "resolved": "http://artifactory.intra.ke.com/artifactory/api/npm/npm-virtual/supports-color/download/supports-color-7.2.0.tgz",
      "integrity": "sha1-G33NyzK4E4gBs+R4umpRyqiWSNo=",
      "requires": {
        "has-flag": "^4.0.0"
      }
    }
  }
}
